{
  "name": "synthkit",
  "version": "0.1.0",
  "lockfileVersion": 3,
  "requires": true,
  "packages": {
    "": {
      "name": "synthkit",
      "version": "0.1.0",
      "license": "MIT",
      "dependencies": {
        "kazu": "git+https://github.com/opaopa6969/kazu.git#v1.0.0"
      }
    },
    "node_modules/kazu": {
      "version": "1.0.0",
      "resolved": "git+https://github.com/opaopa6969/kazu.git#21f31ed08919ccbe22fd75f7c8a503623b7f12bc",
      "license": "MIT",
      "engines": {
        "node": ">=18"
      }
    }
  }
}
